
Microsoft Visual Studio Solution File, Format Version 12.00
# Visual Studio 15
Project("{FAE04EC0-301F-11D3-BF4B-00C04F79EFBC}") = "Mirror.Examples", "Mirror.Examples.csproj", "{125DBDAB-E5E6-2D0D-62AF-A7B7137D17EB}"
EndProject
Project("{FAE04EC0-301F-11D3-BF4B-00C04F79EFBC}") = "Mirror", "Mirror.csproj", "{1096C8EC-7FA1-A131-7490-3397992C1084}"
EndProject
Project("{FAE04EC0-301F-11D3-BF4B-00C04F79EFBC}") = "Mirror.Cloud", "Mirror.Cloud.csproj", "{AF1909B4-B56D-3B43-27AB-20198ABFDE0E}"
EndProject
Project("{FAE04EC0-301F-11D3-BF4B-00C04F79EFBC}") = "Ninja.WebSockets", "Ninja.WebSockets.csproj", "{0887B659-C327-1DA1-A1ED-3816227291E0}"
EndProject
Project("{FAE04EC0-301F-11D3-BF4B-00C04F79EFBC}") = "Mirror.Authenticators", "Mirror.Authenticators.csproj", "{E458615B-0BAC-E394-CC44-9243E9A00F53}"
EndProject
Project("{FAE04EC0-301F-11D3-BF4B-00C04F79EFBC}") = "Mirror.Components", "Mirror.Components.csproj", "{1BD90650-2129-1D3D-B733-FDF923B3E333}"
EndProject
Project("{FAE04EC0-301F-11D3-BF4B-00C04F79EFBC}") = "Mirror.Examples.Cloud.GUI", "Mirror.Examples.Cloud.GUI.csproj", "{CCC0D42E-96D5-3ED0-2D8B-7A09EC5F583E}"
EndProject
Project("{FAE04EC0-301F-11D3-BF4B-00C04F79EFBC}") = "Mirror.Examples.Cloud.Pong", "Mirror.Examples.Cloud.Pong.csproj", "{01A9B42A-4BB1-BC2F-EFF3-35BB9DCFDCA9}"
EndProject
Project("{FAE04EC0-301F-11D3-BF4B-00C04F79EFBC}") = "Mirror.example.RigidbodyPhysics", "Mirror.example.RigidbodyPhysics.csproj", "{685788E5-6747-3380-A7DF-7CD553674484}"
EndProject
Project("{FAE04EC0-301F-11D3-BF4B-00C04F79EFBC}") = "Assembly-CSharp", "Assembly-CSharp.csproj", "{4ABCB9DA-9FAC-1C94-15BC-5AA2E6F353B8}"
EndProject
Project("{FAE04EC0-301F-11D3-BF4B-00C04F79EFBC}") = "Mirror.Weaver", "Mirror.Weaver.csproj", "{1EED41CC-3E77-42D8-DE4B-9A221D4768BD}"
EndProject
Project("{FAE04EC0-301F-11D3-BF4B-00C04F79EFBC}") = "Mirror.Editor", "Mirror.Editor.csproj", "{59627E29-DA46-D73D-4B23-63F413767061}"
EndProject
Project("{FAE04EC0-301F-11D3-BF4B-00C04F79EFBC}") = "Mirror.CompilerSymbols", "Mirror.CompilerSymbols.csproj", "{76790287-54A0-14C3-1F90-BED663E62C9C}"
EndProject
Global
	GlobalSection(SolutionConfigurationPlatforms) = preSolution
		Debug|Any CPU = Debug|Any CPU
		Release|Any CPU = Release|Any CPU
	EndGlobalSection
	GlobalSection(ProjectConfigurationPlatforms) = postSolution
		{125DBDAB-E5E6-2D0D-62AF-A7B7137D17EB}.Debug|Any CPU.ActiveCfg = Debug|Any CPU
		{125DBDAB-E5E6-2D0D-62AF-A7B7137D17EB}.Debug|Any CPU.Build.0 = Debug|Any CPU
		{125DBDAB-E5E6-2D0D-62AF-A7B7137D17EB}.Release|Any CPU.ActiveCfg = Release|Any CPU
		{125DBDAB-E5E6-2D0D-62AF-A7B7137D17EB}.Release|Any CPU.Build.0 = Release|Any CPU
		{1096C8EC-7FA1-A131-7490-3397992C1084}.Debug|Any CPU.ActiveCfg = Debug|Any CPU
		{1096C8EC-7FA1-A131-7490-3397992C1084}.Debug|Any CPU.Build.0 = Debug|Any CPU
		{1096C8EC-7FA1-A131-7490-3397992C1084}.Release|Any CPU.ActiveCfg = Release|Any CPU
		{1096C8EC-7FA1-A131-7490-3397992C1084}.Release|Any CPU.Build.0 = Release|Any CPU
		{AF1909B4-B56D-3B43-27AB-20198ABFDE0E}.Debug|Any CPU.ActiveCfg = Debug|Any CPU
		{AF1909B4-B56D-3B43-27AB-20198ABFDE0E}.Debug|Any CPU.Build.0 = Debug|Any CPU
		{AF1909B4-B56D-3B43-27AB-20198ABFDE0E}.Release|Any CPU.ActiveCfg = Release|Any CPU
		{AF1909B4-B56D-3B43-27AB-20198ABFDE0E}.Release|Any CPU.Build.0 = Release|Any CPU
		{0887B659-C327-1DA1-A1ED-3816227291E0}.Debug|Any CPU.ActiveCfg = Debug|Any CPU
		{0887B659-C327-1DA1-A1ED-3816227291E0}.Debug|Any CPU.Build.0 = Debug|Any CPU
		{0887B659-C327-1DA1-A1ED-3816227291E0}.Release|Any CPU.ActiveCfg = Release|Any CPU
		{0887B659-C327-1DA1-A1ED-3816227291E0}.Release|Any CPU.Build.0 = Release|Any CPU
		{E458615B-0BAC-E394-CC44-9243E9A00F53}.Debug|Any CPU.ActiveCfg = Debug|Any CPU
		{E458615B-0BAC-E394-CC44-9243E9A00F53}.Debug|Any CPU.Build.0 = Debug|Any CPU
		{E458615B-0BAC-E394-CC44-9243E9A00F53}.Release|Any CPU.ActiveCfg = Release|Any CPU
		{E458615B-0BAC-E394-CC44-9243E9A00F53}.Release|Any CPU.Build.0 = Release|Any CPU
		{1BD90650-2129-1D3D-B733-FDF923B3E333}.Debug|Any CPU.ActiveCfg = Debug|Any CPU
		{1BD90650-2129-1D3D-B733-FDF923B3E333}.Debug|Any CPU.Build.0 = Debug|Any CPU
		{1BD90650-2129-1D3D-B733-FDF923B3E333}.Release|Any CPU.ActiveCfg = Release|Any CPU
		{1BD90650-2129-1D3D-B733-FDF923B3E333}.Release|Any CPU.Build.0 = Release|Any CPU
		{CCC0D42E-96D5-3ED0-2D8B-7A09EC5F583E}.Debug|Any CPU.ActiveCfg = Debug|Any CPU
		{CCC0D42E-96D5-3ED0-2D8B-7A09EC5F583E}.Debug|Any CPU.Build.0 = Debug|Any CPU
		{CCC0D42E-96D5-3ED0-2D8B-7A09EC5F583E}.Release|Any CPU.ActiveCfg = Release|Any CPU
		{CCC0D42E-96D5-3ED0-2D8B-7A09EC5F583E}.Release|Any CPU.Build.0 = Release|Any CPU
		{01A9B42A-4BB1-BC2F-EFF3-35BB9DCFDCA9}.Debug|Any CPU.ActiveCfg = Debug|Any CPU
		{01A9B42A-4BB1-BC2F-EFF3-35BB9DCFDCA9}.Debug|Any CPU.Build.0 = Debug|Any CPU
		{01A9B42A-4BB1-BC2F-EFF3-35BB9DCFDCA9}.Release|Any CPU.ActiveCfg = Release|Any CPU
		{01A9B42A-4BB1-BC2F-EFF3-35BB9DCFDCA9}.Release|Any CPU.Build.0 = Release|Any CPU
		{685788E5-6747-3380-A7DF-7CD553674484}.Debug|Any CPU.ActiveCfg = Debug|Any CPU
		{685788E5-6747-3380-A7DF-7CD553674484}.Debug|Any CPU.Build.0 = Debug|Any CPU
		{685788E5-6747-3380-A7DF-7CD553674484}.Release|Any CPU.ActiveCfg = Release|Any CPU
		{685788E5-6747-3380-A7DF-7CD553674484}.Release|Any CPU.Build.0 = Release|Any CPU
		{4ABCB9DA-9FAC-1C94-15BC-5AA2E6F353B8}.Debug|Any CPU.ActiveCfg = Debug|Any CPU
		{4ABCB9DA-9FAC-1C94-15BC-5AA2E6F353B8}.Debug|Any CPU.Build.0 = Debug|Any CPU
		{4ABCB9DA-9FAC-1C94-15BC-5AA2E6F353B8}.Release|Any CPU.ActiveCfg = Release|Any CPU
		{4ABCB9DA-9FAC-1C94-15BC-5AA2E6F353B8}.Release|Any CPU.Build.0 = Release|Any CPU
		{1EED41CC-3E77-42D8-DE4B-9A221D4768BD}.Debug|Any CPU.ActiveCfg = Debug|Any CPU
		{1EED41CC-3E77-42D8-DE4B-9A221D4768BD}.Debug|Any CPU.Build.0 = Debug|Any CPU
		{1EED41CC-3E77-42D8-DE4B-9A221D4768BD}.Release|Any CPU.ActiveCfg = Release|Any CPU
		{1EED41CC-3E77-42D8-DE4B-9A221D4768BD}.Release|Any CPU.Build.0 = Release|Any CPU
		{59627E29-DA46-D73D-4B23-63F413767061}.Debug|Any CPU.ActiveCfg = Debug|Any CPU
		{59627E29-DA46-D73D-4B23-63F413767061}.Debug|Any CPU.Build.0 = Debug|Any CPU
		{59627E29-DA46-D73D-4B23-63F413767061}.Release|Any CPU.ActiveCfg = Release|Any CPU
		{59627E29-DA46-D73D-4B23-63F413767061}.Release|Any CPU.Build.0 = Release|Any CPU
		{76790287-54A0-14C3-1F90-BED663E62C9C}.Debug|Any CPU.ActiveCfg = Debug|Any CPU
		{76790287-54A0-14C3-1F90-BED663E62C9C}.Debug|Any CPU.Build.0 = Debug|Any CPU
		{76790287-54A0-14C3-1F90-BED663E62C9C}.Release|Any CPU.ActiveCfg = Release|Any CPU
		{76790287-54A0-14C3-1F90-BED663E62C9C}.Release|Any CPU.Build.0 = Release|Any CPU
	EndGlobalSection
	GlobalSection(SolutionProperties) = preSolution
		HideSolutionNode = FALSE
	EndGlobalSection
EndGlobal
